
Microsoft Visual Studio Solution File, Format Version 12.00
# Visual Studio Version 16
VisualStudioVersion = 16.0.30611.23
MinimumVisualStudioVersion = 10.0.40219.1
Project("{FAE04EC0-301F-11D3-BF4B-00C04F79EFBC}") = "Connection", "Connection\Connection.csproj", "{B64D4A3E-B347-4F3F-BFE5-54445F8FD6B7}"
EndProject
Global
	GlobalSection(SolutionConfigurationPlatforms) = preSolution
		Debug|Any CPU = Debug|Any CPU
		Release|Any CPU = Release|Any CPU
	EndGlobalSection
	GlobalSection(ProjectConfigurationPlatforms) = postSolution
		{B64D4A3E-B347-4F3F-BFE5-54445F8FD6B7}.Debug|Any CPU.ActiveCfg = Debug|Any CPU
		{B64D4A3E-B347-4F3F-BFE5-54445F8FD6B7}.Debug|Any CPU.Build.0 = Debug|Any CPU
		{B64D4A3E-B347-4F3F-BFE5-54445F8FD6B7}.Release|Any CPU.ActiveCfg = Release|Any CPU
		{B64D4A3E-B347-4F3F-BFE5-54445F8FD6B7}.Release|Any CPU.Build.0 = Release|Any CPU
	EndGlobalSection
	GlobalSection(SolutionProperties) = preSolution
		HideSolutionNode = FALSE
	EndGlobalSection
	GlobalSection(ExtensibilityGlobals) = postSolution
		SolutionGuid = {82DD6F1B-D8B8-46F2-BB23-2D77A919EF30}
	EndGlobalSection
EndGlobal
